
Microsoft Visual Studio Solution File, Format Version 12.00
# Visual Studio Version 17
VisualStudioVersion = 17.0.31919.166
MinimumVisualStudioVersion = 10.0.40219.1
Project("{FAE04EC0-301F-11D3-BF4B-00C04F79EFBC}") = "SleepSchedule1.Android", "SleepSchedule1\SleepSchedule1.Android\SleepSchedule1.Android.csproj", "{BF9F234B-3728-4BB1-ACB1-8A407C7E3BDA}"
EndProject
Project("{FAE04EC0-301F-11D3-BF4B-00C04F79EFBC}") = "SleepSchedule1", "SleepSchedule1\SleepSchedule1\SleepSchedule1.csproj", "{274AA85F-EDCA-4A6C-853B-1C2878BEA752}"
EndProject
Global
	GlobalSection(SolutionConfigurationPlatforms) = preSolution
		Debug|Any CPU = Debug|Any CPU
		Release|Any CPU = Release|Any CPU
	EndGlobalSection
	GlobalSection(ProjectConfigurationPlatforms) = postSolution
		{BF9F234B-3728-4BB1-ACB1-8A407C7E3BDA}.Debug|Any CPU.ActiveCfg = Debug|Any CPU
		{BF9F234B-3728-4BB1-ACB1-8A407C7E3BDA}.Debug|Any CPU.Build.0 = Debug|Any CPU
		{BF9F234B-3728-4BB1-ACB1-8A407C7E3BDA}.Debug|Any CPU.Deploy.0 = Debug|Any CPU
		{BF9F234B-3728-4BB1-ACB1-8A407C7E3BDA}.Release|Any CPU.ActiveCfg = Release|Any CPU
		{BF9F234B-3728-4BB1-ACB1-8A407C7E3BDA}.Release|Any CPU.Build.0 = Release|Any CPU
		{BF9F234B-3728-4BB1-ACB1-8A407C7E3BDA}.Release|Any CPU.Deploy.0 = Release|Any CPU
		{274AA85F-EDCA-4A6C-853B-1C2878BEA752}.Debug|Any CPU.ActiveCfg = Debug|Any CPU
		{274AA85F-EDCA-4A6C-853B-1C2878BEA752}.Debug|Any CPU.Build.0 = Debug|Any CPU
		{274AA85F-EDCA-4A6C-853B-1C2878BEA752}.Debug|Any CPU.Deploy.0 = Debug|Any CPU
		{274AA85F-EDCA-4A6C-853B-1C2878BEA752}.Release|Any CPU.ActiveCfg = Release|Any CPU
		{274AA85F-EDCA-4A6C-853B-1C2878BEA752}.Release|Any CPU.Build.0 = Release|Any CPU
		{274AA85F-EDCA-4A6C-853B-1C2878BEA752}.Release|Any CPU.Deploy.0 = Release|Any CPU
	EndGlobalSection
	GlobalSection(SolutionProperties) = preSolution
		HideSolutionNode = FALSE
	EndGlobalSection
	GlobalSection(ExtensibilityGlobals) = postSolution
		SolutionGuid = {B1972F00-5BFE-424B-8083-3DE9ED3A8388}
	EndGlobalSection
EndGlobal
